dependencies:
  espressif/cmake_utilities:
    component_hash: 351350613ceafba240b761b4ea991e0f231ac7a9f59a9ee901f751bddc0bb18f
    source:
      service_url: https://api.components.espressif.com/
      type: service
    version: 0.5.3
  espressif/esp_lcd_ili9341:
    component_hash: 31f1b793aa2110dd2ae071c21ccbff0a4eb20d9a4ee40b6294c0dc0ad9552c4e
    source:
      service_url: https://api.components.espressif.com/
      type: service
    version: 1.2.0
  idf:
    component_hash: null
    source:
      type: idf
    version: 5.1.1
  lvgl/lvgl:
    component_hash: 948bff879a345149b83065535bbc4a026ce9f47498a22881e432a264b9098015
    source:
      service_url: https://api.components.espressif.com/
      type: service
    version: 8.3.11
manifest_hash: 6edb9b5deb771eafd9f19249d022f6af3021f6d99664b59912e812001b05893a
target: esp32
version: 1.0.0
